
Microsoft Visual Studio Solution File, Format Version 12.00
# Visual Studio Version 16
VisualStudioVersion = 16.0.32602.291
MinimumVisualStudioVersion = 10.0.40219.1
Project("{FAE04EC0-301F-11D3-BF4B-00C04F79EFBC}") = "SimpleCalculatorWithClass", "SimpleCalculatorWithClass\SimpleCalculatorWithClass.csproj", "{380A2633-F600-420B-9A47-AA32561FF800}"
EndProject
Global
	GlobalSection(SolutionConfigurationPlatforms) = preSolution
		Debug|Any CPU = Debug|Any CPU
		Release|Any CPU = Release|Any CPU
	EndGlobalSection
	GlobalSection(ProjectConfigurationPlatforms) = postSolution
		{380A2633-F600-420B-9A47-AA32561FF800}.Debug|Any CPU.ActiveCfg = Debug|Any CPU
		{380A2633-F600-420B-9A47-AA32561FF800}.Debug|Any CPU.Build.0 = Debug|Any CPU
		{380A2633-F600-420B-9A47-AA32561FF800}.Release|Any CPU.ActiveCfg = Release|Any CPU
		{380A2633-F600-420B-9A47-AA32561FF800}.Release|Any CPU.Build.0 = Release|Any CPU
	EndGlobalSection
	GlobalSection(SolutionProperties) = preSolution
		HideSolutionNode = FALSE
	EndGlobalSection
	GlobalSection(ExtensibilityGlobals) = postSolution
		SolutionGuid = {EEC11137-A87D-494D-868A-857C28A8E109}
	EndGlobalSection
EndGlobal
